// !$*UTF8*$!
{
	archiveVersion = 1;
	classes = {
	};
	objectVersion = 50;
	objects = {

/* Begin PBXBuildFile section */
		0773AD452142C98A001ECAE5 /* SudokuUtils.swift in Sources */ = {isa = PBXBuildFile; fileRef = 079EA5EC213D599C003B8296 /* SudokuUtils.swift */; };
		079EA5A3212EC140003B8296 /* AppDelegate.swift in Sources */ = {isa = PBXBuildFile; fileRef = 079EA5A2212EC140003B8296 /* AppDelegate.swift */; };
		079EA5A5212EC140003B8296 /* MainVC.swift in Sources */ = {isa = PBXBuildFile; fileRef = 079EA5A4212EC140003B8296 /* MainVC.swift */; };
		079EA5A8212EC140003B8296 /* Main.storyboard in Resources */ = {isa = PBXBuildFile; fileRef = 079EA5A6212EC140003B8296 /* Main.storyboard */; };
		079EA5AA212EC141003B8296 /* Assets.xcassets in Resources */ = {isa = PBXBuildFile; fileRef = 079EA5A9212EC141003B8296 /* Assets.xcassets */; };
		079EA5AD212EC141003B8296 /* LaunchScreen.storyboard in Resources */ = {isa = PBXBuildFile; fileRef = 079EA5AB212EC141003B8296 /* LaunchScreen.storyboard */; };
		079EA5B8212EC141003B8296 /* Simple_SudokuTests.swift in Sources */ = {isa = PBXBuildFile; fileRef = 079EA5B7212EC141003B8296 /* Simple_SudokuTests.swift */; };
		079EA5C3212EC142003B8296 /* Simple_SudokuUITests.swift in Sources */ = {isa = PBXBuildFile; fileRef = 079EA5C2212EC142003B8296 /* Simple_SudokuUITests.swift */; };
		079EA5D12137D3FA003B8296 /* GameBoardVC.swift in Sources */ = {isa = PBXBuildFile; fileRef = 079EA5D02137D3FA003B8296 /* GameBoardVC.swift */; };
		079EA5D32137D441003B8296 /* SudokuCell.swift in Sources */ = {isa = PBXBuildFile; fileRef = 079EA5D22137D441003B8296 /* SudokuCell.swift */; };
		079EA5D921380290003B8296 /* sudoku.json in Resources */ = {isa = PBXBuildFile; fileRef = 079EA5D821380290003B8296 /* sudoku.json */; };
		079EA5E421392FB4003B8296 /* UIButtonRounded.swift in Sources */ = {isa = PBXBuildFile; fileRef = 079EA5E321392FB4003B8296 /* UIButtonRounded.swift */; };
		079EA5E621395C8A003B8296 /* CustomColors.swift in Sources */ = {isa = PBXBuildFile; fileRef = 079EA5E521395C8A003B8296 /* CustomColors.swift */; };
		079EA5E9213D54FC003B8296 /* SaveData.swift in Sources */ = {isa = PBXBuildFile; fileRef = 079EA5E8213D54FC003B8296 /* SaveData.swift */; };
		079EA5ED213D599C003B8296 /* SudokuUtils.swift in Sources */ = {isa = PBXBuildFile; fileRef = 079EA5EC213D599C003B8296 /* SudokuUtils.swift */; };
		07A35F4A21566C1500F1ABC5 /* ContinueTVC.swift in Sources */ = {isa = PBXBuildFile; fileRef = 07A35F4921566C1500F1ABC5 /* ContinueTVC.swift */; };
		07A35F4C215692C600F1ABC5 /* SettingsTVC.swift in Sources */ = {isa = PBXBuildFile; fileRef = 07A35F4B215692C600F1ABC5 /* SettingsTVC.swift */; };
		07A35F4E215A13FD00F1ABC5 /* AboutVC.swift in Sources */ = {isa = PBXBuildFile; fileRef = 07A35F4D215A13FD00F1ABC5 /* AboutVC.swift */; };
		07BF45132147B5C8002B4FCB /* QQWing.swift in Sources */ = {isa = PBXBuildFile; fileRef = AF90009A2C31A2A4C0452F1A /* QQWing.swift */; };
		07BF45152147D881002B4FCB /* NewGameVC.swift in Sources */ = {isa = PBXBuildFile; fileRef = 07BF45142147D881002B4FCB /* NewGameVC.swift */; };
		AF900444C257C9CEDEBB1210 /* README.md in Sources */ = {isa = PBXBuildFile; fileRef = AF9006719442D52D26B6393C /* README.md */; };
		AF900A6895F6C8C10E8D6B3E /* .gitignore in Resources */ = {isa = PBXBuildFile; fileRef = AF9007DCC51318D0D991BCBB /* .gitignore */; };
		AF900EB8F4513D6EB5851D04 /* QQWing.swift in Sources */ = {isa = PBXBuildFile; fileRef = AF90009A2C31A2A4C0452F1A /* QQWing.swift */; };
/* End PBXBuildFile section */

/* Begin PBXContainerItemProxy section */
		079EA5B4212EC141003B8296 /* PBXContainerItemProxy */ = {
			isa = PBXContainerItemProxy;
			containerPortal = 079EA597212EC140003B8296 /* Project object */;
			proxyType = 1;
			remoteGlobalIDString = 079EA59E212EC140003B8296;
			remoteInfo = "Simple Sudoku";
		};
		079EA5BF212EC142003B8296 /* PBXContainerItemProxy */ = {
			isa = PBXContainerItemProxy;
			containerPortal = 079EA597212EC140003B8296 /* Project object */;
			proxyType = 1;
			remoteGlobalIDString = 079EA59E212EC140003B8296;
			remoteInfo = "Simple Sudoku";
		};
/* End PBXContainerItemProxy section */

/* Begin PBXFileReference section */
		079EA59F212EC140003B8296 /* Simple Sudoku.app */ = {isa = PBXFileReference; explicitFileType = wrapper.application; includeInIndex = 0; path = "Simple Sudoku.app"; sourceTree = BUILT_PRODUCTS_DIR; };
		079EA5A2212EC140003B8296 /* AppDelegate.swift */ = {isa = PBXFileReference; lastKnownFileType = sourcecode.swift; path = AppDelegate.swift; sourceTree = "<group>"; };
		079EA5A4212EC140003B8296 /* MainVC.swift */ = {isa = PBXFileReference; lastKnownFileType = sourcecode.swift; path = MainVC.swift; sourceTree = "<group>"; };
		079EA5A7212EC140003B8296 /* Base */ = {isa = PBXFileReference; lastKnownFileType = file.storyboard; name = Base; path = Base.lproj/Main.storyboard; sourceTree = "<group>"; };
		079EA5A9212EC141003B8296 /* Assets.xcassets */ = {isa = PBXFileReference; lastKnownFileType = folder.assetcatalog; path = Assets.xcassets; sourceTree = "<group>"; };
		079EA5AC212EC141003B8296 /* Base */ = {isa = PBXFileReference; lastKnownFileType = file.storyboard; name = Base; path = Base.lproj/LaunchScreen.storyboard; sourceTree = "<group>"; };
		079EA5AE212EC141003B8296 /* Info.plist */ = {isa = PBXFileReference; lastKnownFileType = text.plist.xml; path = Info.plist; sourceTree = "<group>"; };
		079EA5B3212EC141003B8296 /* Simple SudokuTests.xctest */ = {isa = PBXFileReference; explicitFileType = wrapper.cfbundle; includeInIndex = 0; path = "Simple SudokuTests.xctest"; sourceTree = BUILT_PRODUCTS_DIR; };
		079EA5B7212EC141003B8296 /* Simple_SudokuTests.swift */ = {isa = PBXFileReference; lastKnownFileType = sourcecode.swift; path = Simple_SudokuTests.swift; sourceTree = "<group>"; };
		079EA5B9212EC141003B8296 /* Info.plist */ = {isa = PBXFileReference; lastKnownFileType = text.plist.xml; path = Info.plist; sourceTree = "<group>"; };
		079EA5BE212EC142003B8296 /* Simple SudokuUITests.xctest */ = {isa = PBXFileReference; explicitFileType = wrapper.cfbundle; includeInIndex = 0; path = "Simple SudokuUITests.xctest"; sourceTree = BUILT_PRODUCTS_DIR; };
		079EA5C2212EC142003B8296 /* Simple_SudokuUITests.swift */ = {isa = PBXFileReference; lastKnownFileType = sourcecode.swift; path = Simple_SudokuUITests.swift; sourceTree = "<group>"; };
		079EA5C4212EC142003B8296 /* Info.plist */ = {isa = PBXFileReference; lastKnownFileType = text.plist.xml; path = Info.plist; sourceTree = "<group>"; };
		079EA5D02137D3FA003B8296 /* GameBoardVC.swift */ = {isa = PBXFileReference; lastKnownFileType = sourcecode.swift; path = GameBoardVC.swift; sourceTree = "<group>"; };
		079EA5D22137D441003B8296 /* SudokuCell.swift */ = {isa = PBXFileReference; lastKnownFileType = sourcecode.swift; path = SudokuCell.swift; sourceTree = "<group>"; };
		079EA5D821380290003B8296 /* sudoku.json */ = {isa = PBXFileReference; fileEncoding = 4; lastKnownFileType = text.json; path = sudoku.json; sourceTree = "<group>"; xcLanguageSpecificationIdentifier = xcode.lang.javascript; };
		079EA5E321392FB4003B8296 /* UIButtonRounded.swift */ = {isa = PBXFileReference; lastKnownFileType = sourcecode.swift; path = UIButtonRounded.swift; sourceTree = "<group>"; };
		079EA5E521395C8A003B8296 /* CustomColors.swift */ = {isa = PBXFileReference; lastKnownFileType = sourcecode.swift; path = CustomColors.swift; sourceTree = "<group>"; };
		079EA5E8213D54FC003B8296 /* SaveData.swift */ = {isa = PBXFileReference; lastKnownFileType = sourcecode.swift; path = SaveData.swift; sourceTree = "<group>"; };
		079EA5EC213D599C003B8296 /* SudokuUtils.swift */ = {isa = PBXFileReference; lastKnownFileType = sourcecode.swift; path = SudokuUtils.swift; sourceTree = "<group>"; };
		07A35F4921566C1500F1ABC5 /* ContinueTVC.swift */ = {isa = PBXFileReference; lastKnownFileType = sourcecode.swift; path = ContinueTVC.swift; sourceTree = "<group>"; };
		07A35F4B215692C600F1ABC5 /* SettingsTVC.swift */ = {isa = PBXFileReference; lastKnownFileType = sourcecode.swift; path = SettingsTVC.swift; sourceTree = "<group>"; };
		07A35F4D215A13FD00F1ABC5 /* AboutVC.swift */ = {isa = PBXFileReference; lastKnownFileType = sourcecode.swift; path = AboutVC.swift; sourceTree = "<group>"; };
		07BF45142147D881002B4FCB /* NewGameVC.swift */ = {isa = PBXFileReference; lastKnownFileType = sourcecode.swift; path = NewGameVC.swift; sourceTree = "<group>"; };
		AF90009A2C31A2A4C0452F1A /* QQWing.swift */ = {isa = PBXFileReference; fileEncoding = 4; lastKnownFileType = sourcecode.swift; path = QQWing.swift; sourceTree = "<group>"; };
		AF9006719442D52D26B6393C /* README.md */ = {isa = PBXFileReference; fileEncoding = 4; lastKnownFileType = net.daringfireball.markdown; path = README.md; sourceTree = "<group>"; };
		AF9007DCC51318D0D991BCBB /* .gitignore */ = {isa = PBXFileReference; lastKnownFileType = file.gitignore; path = .gitignore; sourceTree = "<group>"; };
/* End PBXFileReference section */

/* Begin PBXFrameworksBuildPhase section */
		079EA59C212EC140003B8296 /* Frameworks */ = {
			isa = PBXFrameworksBuildPhase;
			buildActionMask = 2147483647;
			files = (
			);
			runOnlyForDeploymentPostprocessing = 0;
		};
		079EA5B0212EC141003B8296 /* Frameworks */ = {
			isa = PBXFrameworksBuildPhase;
			buildActionMask = 2147483647;
			files = (
			);
			runOnlyForDeploymentPostprocessing = 0;
		};
		079EA5BB212EC142003B8296 /* Frameworks */ = {
			isa = PBXFrameworksBuildPhase;
			buildActionMask = 2147483647;
			files = (
			);
			runOnlyForDeploymentPostprocessing = 0;
		};
/* End PBXFrameworksBuildPhase section */

/* Begin PBXGroup section */
		079EA596212EC140003B8296 = {
			isa = PBXGroup;
			children = (
				079EA5A1212EC140003B8296 /* Simple Sudoku */,
				079EA5B6212EC141003B8296 /* Simple SudokuTests */,
				079EA5C1212EC142003B8296 /* Simple SudokuUITests */,
				079EA5A0212EC140003B8296 /* Products */,
				AF9007DCC51318D0D991BCBB /* .gitignore */,
				AF9006719442D52D26B6393C /* README.md */,
			);
			sourceTree = "<group>";
		};
		079EA5A0212EC140003B8296 /* Products */ = {
			isa = PBXGroup;
			children = (
				079EA59F212EC140003B8296 /* Simple Sudoku.app */,
				079EA5B3212EC141003B8296 /* Simple SudokuTests.xctest */,
				079EA5BE212EC142003B8296 /* Simple SudokuUITests.xctest */,
			);
			name = Products;
			sourceTree = "<group>";
		};
		079EA5A1212EC140003B8296 /* Simple Sudoku */ = {
			isa = PBXGroup;
			children = (
				079EA5AE212EC141003B8296 /* Info.plist */,
				079EA5A9212EC141003B8296 /* Assets.xcassets */,
				079EA5AB212EC141003B8296 /* LaunchScreen.storyboard */,
				079EA5A6212EC140003B8296 /* Main.storyboard */,
				07A35F4D215A13FD00F1ABC5 /* AboutVC.swift */,
				07A35F4B215692C600F1ABC5 /* SettingsTVC.swift */,
				07A35F4921566C1500F1ABC5 /* ContinueTVC.swift */,
				07BF45142147D881002B4FCB /* NewGameVC.swift */,
				079EA5A2212EC140003B8296 /* AppDelegate.swift */,
				079EA5E7213D54AD003B8296 /* Frameworks */,
				079EA5E021392EF1003B8296 /* UI Components */,
				079EA5D52137FE31003B8296 /* Data */,
				079EA5A4212EC140003B8296 /* MainVC.swift */,
				079EA5D22137D441003B8296 /* SudokuCell.swift */,
				079EA5D02137D3FA003B8296 /* GameBoardVC.swift */,
				AF90009A2C31A2A4C0452F1A /* QQWing.swift */,
			);
			path = "Simple Sudoku";
			sourceTree = "<group>";
		};
		079EA5B6212EC141003B8296 /* Simple SudokuTests */ = {
			isa = PBXGroup;
			children = (
				079EA5B7212EC141003B8296 /* Simple_SudokuTests.swift */,
				079EA5B9212EC141003B8296 /* Info.plist */,
			);
			path = "Simple SudokuTests";
			sourceTree = "<group>";
		};
		079EA5C1212EC142003B8296 /* Simple SudokuUITests */ = {
			isa = PBXGroup;
			children = (
				079EA5C2212EC142003B8296 /* Simple_SudokuUITests.swift */,
				079EA5C4212EC142003B8296 /* Info.plist */,
			);
			path = "Simple SudokuUITests";
			sourceTree = "<group>";
		};
		079EA5D52137FE31003B8296 /* Data */ = {
			isa = PBXGroup;
			children = (
				079EA5D821380290003B8296 /* sudoku.json */,
			);
			path = Data;
			sourceTree = "<group>";
		};
		079EA5E021392EF1003B8296 /* UI Components */ = {
			isa = PBXGroup;
			children = (
				079EA5E321392FB4003B8296 /* UIButtonRounded.swift */,
			);
			path = "UI Components";
			sourceTree = "<group>";
		};
		079EA5E7213D54AD003B8296 /* Frameworks */ = {
			isa = PBXGroup;
			children = (
				079EA5E521395C8A003B8296 /* CustomColors.swift */,
				079EA5E8213D54FC003B8296 /* SaveData.swift */,
				079EA5EC213D599C003B8296 /* SudokuUtils.swift */,
			);
			path = Frameworks;
			sourceTree = "<group>";
		};
/* End PBXGroup section */

/* Begin PBXNativeTarget section */
		079EA59E212EC140003B8296 /* Simple Sudoku */ = {
			isa = PBXNativeTarget;
			buildConfigurationList = 079EA5C7212EC142003B8296 /* Build configuration list for PBXNativeTarget "Simple Sudoku" */;
			buildPhases = (
				079EA59B212EC140003B8296 /* Sources */,
				079EA59C212EC140003B8296 /* Frameworks */,
				079EA59D212EC140003B8296 /* Resources */,
			);
			buildRules = (
			);
			dependencies = (
			);
			name = "Simple Sudoku";
			productName = "Simple Sudoku";
			productReference = 079EA59F212EC140003B8296 /* Simple Sudoku.app */;
			productType = "com.apple.product-type.application";
		};
		079EA5B2212EC141003B8296 /* Simple SudokuTests */ = {
			isa = PBXNativeTarget;
			buildConfigurationList = 079EA5CA212EC142003B8296 /* Build configuration list for PBXNativeTarget "Simple SudokuTests" */;
			buildPhases = (
				079EA5AF212EC141003B8296 /* Sources */,
				079EA5B0212EC141003B8296 /* Frameworks */,
				079EA5B1212EC141003B8296 /* Resources */,
			);
			buildRules = (
			);
			dependencies = (
				079EA5B5212EC141003B8296 /* PBXTargetDependency */,
			);
			name = "Simple SudokuTests";
			productName = "Simple SudokuTests";
			productReference = 079EA5B3212EC141003B8296 /* Simple SudokuTests.xctest */;
			productType = "com.apple.product-type.bundle.unit-test";
		};
		079EA5BD212EC142003B8296 /* Simple SudokuUITests */ = {
			isa = PBXNativeTarget;
			buildConfigurationList = 079EA5CD212EC142003B8296 /* Build configuration list for PBXNativeTarget "Simple SudokuUITests" */;
			buildPhases = (
				079EA5BA212EC142003B8296 /* Sources */,
				079EA5BB212EC142003B8296 /* Frameworks */,
				079EA5BC212EC142003B8296 /* Resources */,
			);
			buildRules = (
			);
			dependencies = (
				079EA5C0212EC142003B8296 /* PBXTargetDependency */,
			);
			name = "Simple SudokuUITests";
			productName = "Simple SudokuUITests";
			productReference = 079EA5BE212EC142003B8296 /* Simple SudokuUITests.xctest */;
			productType = "com.apple.product-type.bundle.ui-testing";
		};
/* End PBXNativeTarget section */

/* Begin PBXProject section */
		079EA597212EC140003B8296 /* Project object */ = {
			isa = PBXProject;
			attributes = {
				LastSwiftUpdateCheck = 0940;
				LastUpgradeCheck = 0940;
				ORGANIZATIONNAME = "Jonas Theslöf";
				TargetAttributes = {
					079EA59E212EC140003B8296 = {
						CreatedOnToolsVersion = 9.4.1;
					};
					079EA5B2212EC141003B8296 = {
						CreatedOnToolsVersion = 9.4.1;
						TestTargetID = 079EA59E212EC140003B8296;
					};
					079EA5BD212EC142003B8296 = {
						CreatedOnToolsVersion = 9.4.1;
						TestTargetID = 079EA59E212EC140003B8296;
					};
				};
			};
			buildConfigurationList = 079EA59A212EC140003B8296 /* Build configuration list for PBXProject "Simple Sudoku" */;
			compatibilityVersion = "Xcode 9.3";
			developmentRegion = en;
			hasScannedForEncodings = 0;
			knownRegions = (
				en,
				Base,
			);
			mainGroup = 079EA596212EC140003B8296;
			productRefGroup = 079EA5A0212EC140003B8296 /* Products */;
			projectDirPath = "";
			projectRoot = "";
			targets = (
				079EA59E212EC140003B8296 /* Simple Sudoku */,
				079EA5B2212EC141003B8296 /* Simple SudokuTests */,
				079EA5BD212EC142003B8296 /* Simple SudokuUITests */,
			);
		};
/* End PBXProject section */

/* Begin PBXResourcesBuildPhase section */
		079EA59D212EC140003B8296 /* Resources */ = {
			isa = PBXResourcesBuildPhase;
			buildActionMask = 2147483647;
			files = (
				079EA5AD212EC141003B8296 /* LaunchScreen.storyboard in Resources */,
				079EA5AA212EC141003B8296 /* Assets.xcassets in Resources */,
				079EA5D921380290003B8296 /* sudoku.json in Resources */,
				079EA5A8212EC140003B8296 /* Main.storyboard in Resources */,
				AF900A6895F6C8C10E8D6B3E /* .gitignore in Resources */,
			);
			runOnlyForDeploymentPostprocessing = 0;
		};
		079EA5B1212EC141003B8296 /* Resources */ = {
			isa = PBXResourcesBuildPhase;
			buildActionMask = 2147483647;
			files = (
			);
			runOnlyForDeploymentPostprocessing = 0;
		};
		079EA5BC212EC142003B8296 /* Resources */ = {
			isa = PBXResourcesBuildPhase;
			buildActionMask = 2147483647;
			files = (
			);
			runOnlyForDeploymentPostprocessing = 0;
		};
/* End PBXResourcesBuildPhase section */

/* Begin PBXSourcesBuildPhase section */
		079EA59B212EC140003B8296 /* Sources */ = {
			isa = PBXSourcesBuildPhase;
			buildActionMask = 2147483647;
			files = (
				07A35F4E215A13FD00F1ABC5 /* AboutVC.swift in Sources */,
				079EA5ED213D599C003B8296 /* SudokuUtils.swift in Sources */,
				079EA5E421392FB4003B8296 /* UIButtonRounded.swift in Sources */,
				079EA5E621395C8A003B8296 /* CustomColors.swift in Sources */,
				079EA5E9213D54FC003B8296 /* SaveData.swift in Sources */,
				079EA5D12137D3FA003B8296 /* GameBoardVC.swift in Sources */,
				079EA5A5212EC140003B8296 /* MainVC.swift in Sources */,
				07A35F4A21566C1500F1ABC5 /* ContinueTVC.swift in Sources */,
				07BF45152147D881002B4FCB /* NewGameVC.swift in Sources */,
				07A35F4C215692C600F1ABC5 /* SettingsTVC.swift in Sources */,
				079EA5A3212EC140003B8296 /* AppDelegate.swift in Sources */,
				079EA5D32137D441003B8296 /* SudokuCell.swift in Sources */,
				AF900EB8F4513D6EB5851D04 /* QQWing.swift in Sources */,
				AF900444C257C9CEDEBB1210 /* README.md in Sources */,
			);
			runOnlyForDeploymentPostprocessing = 0;
		};
		079EA5AF212EC141003B8296 /* Sources */ = {
			isa = PBXSourcesBuildPhase;
			buildActionMask = 2147483647;
			files = (
				07BF45132147B5C8002B4FCB /* QQWing.swift in Sources */,
				0773AD452142C98A001ECAE5 /* SudokuUtils.swift in Sources */,
				079EA5B8212EC141003B8296 /* Simple_SudokuTests.swift in Sources */,
			);
			runOnlyForDeploymentPostprocessing = 0;
		};
		079EA5BA212EC142003B8296 /* Sources */ = {
			isa = PBXSourcesBuildPhase;
			buildActionMask = 2147483647;
			files = (
				079EA5C3212EC142003B8296 /* Simple_SudokuUITests.swift in Sources */,
			);
			runOnlyForDeploymentPostprocessing = 0;
		};
/* End PBXSourcesBuildPhase section */

/* Begin PBXTargetDependency section */
		079EA5B5212EC141003B8296 /* PBXTargetDependency */ = {
			isa = PBXTargetDependency;
			target = 079EA59E212EC140003B8296 /* Simple Sudoku */;
			targetProxy = 079EA5B4212EC141003B8296 /* PBXContainerItemProxy */;
		};
		079EA5C0212EC142003B8296 /* PBXTargetDependency */ = {
			isa = PBXTargetDependency;
			target = 079EA59E212EC140003B8296 /* Simple Sudoku */;
			targetProxy = 079EA5BF212EC142003B8296 /* PBXContainerItemProxy */;
		};
/* End PBXTargetDependency section */

/* Begin PBXVariantGroup section */
		079EA5A6212EC140003B8296 /* Main.storyboard */ = {
			isa = PBXVariantGroup;
			children = (
				079EA5A7212EC140003B8296 /* Base */,
			);
			name = Main.storyboard;
			sourceTree = "<group>";
		};
		079EA5AB212EC141003B8296 /* LaunchScreen.storyboard */ = {
			isa = PBXVariantGroup;
			children = (
				079EA5AC212EC141003B8296 /* Base */,
			);
			name = LaunchScreen.storyboard;
			sourceTree = "<group>";
		};
/* End PBXVariantGroup section */

/* Begin XCBuildConfiguration section */
		079EA5C5212EC142003B8296 /* Debug */ = {
			isa = XCBuildConfiguration;
			buildSettings = {
				ALWAYS_SEARCH_USER_PATHS = NO;
				CLANG_ANALYZER_NONNULL = YES;
				CLANG_ANALYZER_NUMBER_OBJECT_CONVERSION = YES_AGGRESSIVE;
				CLANG_CXX_LANGUAGE_STANDARD = "gnu++14";
				CLANG_CXX_LIBRARY = "libc++";
				CLANG_ENABLE_MODULES = YES;
				CLANG_ENABLE_OBJC_ARC = YES;
				CLANG_ENABLE_OBJC_WEAK = YES;
				CLANG_WARN_BLOCK_CAPTURE_AUTORELEASING = YES;
				CLANG_WARN_BOOL_CONVERSION = YES;
				CLANG_WARN_COMMA = YES;
				CLANG_WARN_CONSTANT_CONVERSION = YES;
				CLANG_WARN_DEPRECATED_OBJC_IMPLEMENTATIONS = YES;
				CLANG_WARN_DIRECT_OBJC_ISA_USAGE = YES_ERROR;
				CLANG_WARN_DOCUMENTATION_COMMENTS = YES;
				CLANG_WARN_EMPTY_BODY = YES;
				CLANG_WARN_ENUM_CONVERSION = YES;
				CLANG_WARN_INFINITE_RECURSION = YES;
				CLANG_WARN_INT_CONVERSION = YES;
				CLANG_WARN_NON_LITERAL_NULL_CONVERSION = YES;
				CLANG_WARN_OBJC_IMPLICIT_RETAIN_SELF = YES;
				CLANG_WARN_OBJC_LITERAL_CONVERSION = YES;
				CLANG_WARN_OBJC_ROOT_CLASS = YES_ERROR;
				CLANG_WARN_RANGE_LOOP_ANALYSIS = YES;
				CLANG_WARN_STRICT_PROTOTYPES = YES;
				CLANG_WARN_SUSPICIOUS_MOVE = YES;
				CLANG_WARN_UNGUARDED_AVAILABILITY = YES_AGGRESSIVE;
				CLANG_WARN_UNREACHABLE_CODE = YES;
				CLANG_WARN__DUPLICATE_METHOD_MATCH = YES;
				CODE_SIGN_IDENTITY = "iPhone Developer";
				COPY_PHASE_STRIP = NO;
				DEBUG_INFORMATION_FORMAT = dwarf;
				ENABLE_STRICT_OBJC_MSGSEND = YES;
				ENABLE_TESTABILITY = YES;
				GCC_C_LANGUAGE_STANDARD = gnu11;
				GCC_DYNAMIC_NO_PIC = NO;
				GCC_NO_COMMON_BLOCKS = YES;
				GCC_OPTIMIZATION_LEVEL = 0;
				GCC_PREPROCESSOR_DEFINITIONS = (
					"DEBUG=1",
					"$(inherited)",
				);
				GCC_WARN_64_TO_32_BIT_CONVERSION = YES;
				GCC_WARN_ABOUT_RETURN_TYPE = YES_ERROR;
				GCC_WARN_UNDECLARED_SELECTOR = YES;
				GCC_WARN_UNINITIALIZED_AUTOS = YES_AGGRESSIVE;
				GCC_WARN_UNUSED_FUNCTION = YES;
				GCC_WARN_UNUSED_VARIABLE = YES;
				IPHONEOS_DEPLOYMENT_TARGET = 11.4;
				MTL_ENABLE_DEBUG_INFO = YES;
				ONLY_ACTIVE_ARCH = YES;
				SDKROOT = iphoneos;
				SWIFT_ACTIVE_COMPILATION_CONDITIONS = DEBUG;
				SWIFT_OPTIMIZATION_LEVEL = "-Onone";
			};
			name = Debug;
		};
		079EA5C6212EC142003B8296 /* Release */ = {
			isa = XCBuildConfiguration;
			buildSettings = {
				ALWAYS_SEARCH_USER_PATHS = NO;
				CLANG_ANALYZER_NONNULL = YES;
				CLANG_ANALYZER_NUMBER_OBJECT_CONVERSION = YES_AGGRESSIVE;
				CLANG_CXX_LANGUAGE_STANDARD = "gnu++14";
				CLANG_CXX_LIBRARY = "libc++";
				CLANG_ENABLE_MODULES = YES;
				CLANG_ENABLE_OBJC_ARC = YES;
				CLANG_ENABLE_OBJC_WEAK = YES;
				CLANG_WARN_BLOCK_CAPTURE_AUTORELEASING = YES;
				CLANG_WARN_BOOL_CONVERSION = YES;
				CLANG_WARN_COMMA = YES;
				CLANG_WARN_CONSTANT_CONVERSION = YES;
				CLANG_WARN_DEPRECATED_OBJC_IMPLEMENTATIONS = YES;
				CLANG_WARN_DIRECT_OBJC_ISA_USAGE = YES_ERROR;
				CLANG_WARN_DOCUMENTATION_COMMENTS = YES;
				CLANG_WARN_EMPTY_BODY = YES;
				CLANG_WARN_ENUM_CONVERSION = YES;
				CLANG_WARN_INFINITE_RECURSION = YES;
				CLANG_WARN_INT_CONVERSION = YES;
				CLANG_WARN_NON_LITERAL_NULL_CONVERSION = YES;
				CLANG_WARN_OBJC_IMPLICIT_RETAIN_SELF = YES;
				CLANG_WARN_OBJC_LITERAL_CONVERSION = YES;
				CLANG_WARN_OBJC_ROOT_CLASS = YES_ERROR;
				CLANG_WARN_RANGE_LOOP_ANALYSIS = YES;
				CLANG_WARN_STRICT_PROTOTYPES = YES;
				CLANG_WARN_SUSPICIOUS_MOVE = YES;
				CLANG_WARN_UNGUARDED_AVAILABILITY = YES_AGGRESSIVE;
				CLANG_WARN_UNREACHABLE_CODE = YES;
				CLANG_WARN__DUPLICATE_METHOD_MATCH = YES;
				CODE_SIGN_IDENTITY = "iPhone Developer";
				COPY_PHASE_STRIP = NO;
				DEBUG_INFORMATION_FORMAT = "dwarf-with-dsym";
				ENABLE_NS_ASSERTIONS = NO;
				ENABLE_STRICT_OBJC_MSGSEND = YES;
				GCC_C_LANGUAGE_STANDARD = gnu11;
				GCC_NO_COMMON_BLOCKS = YES;
				GCC_WARN_64_TO_32_BIT_CONVERSION = YES;
				GCC_WARN_ABOUT_RETURN_TYPE = YES_ERROR;
				GCC_WARN_UNDECLARED_SELECTOR = YES;
				GCC_WARN_UNINITIALIZED_AUTOS = YES_AGGRESSIVE;
				GCC_WARN_UNUSED_FUNCTION = YES;
				GCC_WARN_UNUSED_VARIABLE = YES;
				IPHONEOS_DEPLOYMENT_TARGET = 11.4;
				MTL_ENABLE_DEBUG_INFO = NO;
				SDKROOT = iphoneos;
				SWIFT_COMPILATION_MODE = wholemodule;
				SWIFT_OPTIMIZATION_LEVEL = "-O";
				VALIDATE_PRODUCT = YES;
			};
			name = Release;
		};
		079EA5C8212EC142003B8296 /* Debug */ = {
			isa = XCBuildConfiguration;
			buildSettings = {
				ASSETCATALOG_COMPILER_APPICON_NAME = AppIcon;
				CODE_SIGN_STYLE = Manual;
				DEVELOPMENT_TEAM = "";
				INFOPLIST_FILE = "Simple Sudoku/Info.plist";
				LD_RUNPATH_SEARCH_PATHS = (
					"$(inherited)",
					"@executable_path/Frameworks",
				);
				PRODUCT_BUNDLE_IDENTIFIER = "se.theslof.Simple-Sudoku";
				PRODUCT_NAME = "$(TARGET_NAME)";
				PROVISIONING_PROFILE_SPECIFIER = "";
				SWIFT_VERSION = 4.0;
				TARGETED_DEVICE_FAMILY = 1;
			};
			name = Debug;
		};
		079EA5C9212EC142003B8296 /* Release */ = {
			isa = XCBuildConfiguration;
			buildSettings = {
				ASSETCATALOG_COMPILER_APPICON_NAME = AppIcon;
				CODE_SIGN_STYLE = Manual;
				DEVELOPMENT_TEAM = "";
				INFOPLIST_FILE = "Simple Sudoku/Info.plist";
				LD_RUNPATH_SEARCH_PATHS = (
					"$(inherited)",
					"@executable_path/Frameworks",
				);
				PRODUCT_BUNDLE_IDENTIFIER = "se.theslof.Simple-Sudoku";
				PRODUCT_NAME = "$(TARGET_NAME)";
				PROVISIONING_PROFILE_SPECIFIER = "";
				SWIFT_VERSION = 4.0;
				TARGETED_DEVICE_FAMILY = 1;
			};
			name = Release;
		};
		079EA5CB212EC142003B8296 /* Debug */ = {
			isa = XCBuildConfiguration;
			buildSettings = {
				ALWAYS_EMBED_SWIFT_STANDARD_LIBRARIES = YES;
				BUNDLE_LOADER = "$(TEST_HOST)";
				CODE_SIGN_STYLE = Automatic;
				DEVELOPMENT_TEAM = NJFZPF88Z8;
				INFOPLIST_FILE = "Simple SudokuTests/Info.plist";
				LD_RUNPATH_SEARCH_PATHS = (
					"$(inherited)",
					"@executable_path/Frameworks",
					"@loader_path/Frameworks",
				);
				PRODUCT_BUNDLE_IDENTIFIER = "se.theslof.Simple-SudokuTests";
				PRODUCT_NAME = "$(TARGET_NAME)";
				SWIFT_VERSION = 4.0;
				TARGETED_DEVICE_FAMILY = "1,2";
				TEST_HOST = "$(BUILT_PRODUCTS_DIR)/Simple Sudoku.app/Simple Sudoku";
			};
			name = Debug;
		};
		079EA5CC212EC142003B8296 /* Release */ = {
			isa = XCBuildConfiguration;
			buildSettings = {
				ALWAYS_EMBED_SWIFT_STANDARD_LIBRARIES = YES;
				BUNDLE_LOADER = "$(TEST_HOST)";
				CODE_SIGN_STYLE = Automatic;
				DEVELOPMENT_TEAM = NJFZPF88Z8;
				INFOPLIST_FILE = "Simple SudokuTests/Info.plist";
				LD_RUNPATH_SEARCH_PATHS = (
					"$(inherited)",
					"@executable_path/Frameworks",
					"@loader_path/Frameworks",
				);
				PRODUCT_BUNDLE_IDENTIFIER = "se.theslof.Simple-SudokuTests";
				PRODUCT_NAME = "$(TARGET_NAME)";
				SWIFT_VERSION = 4.0;
				TARGETED_DEVICE_FAMILY = "1,2";
				TEST_HOST = "$(BUILT_PRODUCTS_DIR)/Simple Sudoku.app/Simple Sudoku";
			};
			name = Release;
		};
		079EA5CE212EC142003B8296 /* Debug */ = {
			isa = XCBuildConfiguration;
			buildSettings = {
				ALWAYS_EMBED_SWIFT_STANDARD_LIBRARIES = YES;
				CODE_SIGN_STYLE = Automatic;
				DEVELOPMENT_TEAM = NJFZPF88Z8;
				INFOPLIST_FILE = "Simple SudokuUITests/Info.plist";
				LD_RUNPATH_SEARCH_PATHS = (
					"$(inherited)",
					"@executable_path/Frameworks",
					"@loader_path/Frameworks",
				);
				PRODUCT_BUNDLE_IDENTIFIER = "se.theslof.Simple-SudokuUITests";
				PRODUCT_NAME = "$(TARGET_NAME)";
				SWIFT_VERSION = 4.0;
				TARGETED_DEVICE_FAMILY = "1,2";
				TEST_TARGET_NAME = "Simple Sudoku";
			};
			name = Debug;
		};
		079EA5CF212EC142003B8296 /* Release */ = {
			isa = XCBuildConfiguration;
			buildSettings = {
				ALWAYS_EMBED_SWIFT_STANDARD_LIBRARIES = YES;
				CODE_SIGN_STYLE = Automatic;
				DEVELOPMENT_TEAM = NJFZPF88Z8;
				INFOPLIST_FILE = "Simple SudokuUITests/Info.plist";
				LD_RUNPATH_SEARCH_PATHS = (
					"$(inherited)",
					"@executable_path/Frameworks",
					"@loader_path/Frameworks",
				);
				PRODUCT_BUNDLE_IDENTIFIER = "se.theslof.Simple-SudokuUITests";
				PRODUCT_NAME = "$(TARGET_NAME)";
				SWIFT_VERSION = 4.0;
				TARGETED_DEVICE_FAMILY = "1,2";
				TEST_TARGET_NAME = "Simple Sudoku";
			};
			name = Release;
		};
/* End XCBuildConfiguration section */

/* Begin XCConfigurationList section */
		079EA59A212EC140003B8296 /* Build configuration list for PBXProject "Simple Sudoku" */ = {
			isa = XCConfigurationList;
			buildConfigurations = (
				079EA5C5212EC142003B8296 /* Debug */,
				079EA5C6212EC142003B8296 /* Release */,
			);
			defaultConfigurationIsVisible = 0;
			defaultConfigurationName = Release;
		};
		079EA5C7212EC142003B8296 /* Build configuration list for PBXNativeTarget "Simple Sudoku" */ = {
			isa = XCConfigurationList;
			buildConfigurations = (
				079EA5C8212EC142003B8296 /* Debug */,
				079EA5C9212EC142003B8296 /* Release */,
			);
			defaultConfigurationIsVisible = 0;
			defaultConfigurationName = Release;
		};
		079EA5CA212EC142003B8296 /* Build configuration list for PBXNativeTarget "Simple SudokuTests" */ = {
			isa = XCConfigurationList;
			buildConfigurations = (
				079EA5CB212EC142003B8296 /* Debug */,
				079EA5CC212EC142003B8296 /* Release */,
			);
			defaultConfigurationIsVisible = 0;
			defaultConfigurationName = Release;
		};
		079EA5CD212EC142003B8296 /* Build configuration list for PBXNativeTarget "Simple SudokuUITests" */ = {
			isa = XCConfigurationList;
			buildConfigurations = (
				079EA5CE212EC142003B8296 /* Debug */,
				079EA5CF212EC142003B8296 /* Release */,
			);
			defaultConfigurationIsVisible = 0;
			defaultConfigurationName = Release;
		};
/* End XCConfigurationList section */
	};
	rootObject = 079EA597212EC140003B8296 /* Project object */;
}
